{
    "_meta": {
        "hash": {
            "sha256": "e8b89da8ff8869dc96467757e0dd37f7afca46d6a6045aeee4228ef547dee300"
        },
        "pipfile-spec": 6,
        "requires": {
            "python_version": "3"
        },
        "sources": [
            {
                "name": "pypi",
                "url": "https://pypi.org/simple",
                "verify_ssl": true
            }
        ]
    },
    "default": {
        "click": {
            "hashes": [
                "sha256:ae74fb96c20a0277a1d615f1e4d73c8414f5a98db8b799a7931d1582f3390c28",
                "sha256:ca9853ad459e787e2192211578cc907e7594e294c7ccc834310722b41b9ca6de"
            ],
            "markers": "python_version >= '3.7'",
            "version": "==8.1.7"
        },
        "colorama": {
            "hashes": [
                "sha256:08695f5cb7ed6e0531a20572697297273c47b8cae5a63ffc6d6ed5c201be6e44",
                "sha256:4f1d9991f5acc0ca119f9d443620b77f9d6b33703e51011c16baf57afb285fc6"
            ],
            "markers": "platform_system == 'Windows'",
            "version": "==0.4.6"
        },
        "customtkinter": {
            "hashes": [
                "sha256:14ad3e7cd3cb3b9eb642b9d4e8711ae80d3f79fb82545ad11258eeffb2e6b37c",
                "sha256:fd8db3bafa961c982ee6030dba80b4c2e25858630756b513986db19113d8d207"
            ],
            "version": "==5.2.2"
        },
        "darkdetect": {
            "hashes": [
                "sha256:a7509ccf517eaad92b31c214f593dbcf138ea8a43b2935406bbd565e15527a85",
                "sha256:b5428e1170263eb5dea44c25dc3895edd75e6f52300986353cd63533fe7df8b1"
            ],
            "markers": "python_version >= '3.6'",
            "version": "==0.8.0"
        },
        "hacktools": {
            "extras": [
                "armips",
                "cli",
                "graphics",
                "nds",
                "xdelta"
            ],
            "hashes": [
                "sha256:07c9cc684218837c491ba809653c74a67a2d25a6cb072cfb34d698d59474c778",
                "sha256:081a04dfff16ca7428b3e9f264ddd0b23753ae215e2d4b32bd05ee76df99eebd",
                "sha256:0d1730e03a4617d739048cb8e13a9daead07aab9f5bc3849fe0e546e091b22a6",
                "sha256:0dc908d865b02d1339aa9052be297ab70490f10aa98b32131d61ca9ae928765d",
                "sha256:1012bd1961de6129bdd2fd4105197cc9d47219d1c97d5855cf2314f08d4541af",
                "sha256:112559b1b2edcabb1ee9d62171df7b0b904cb03162711069ce7ede7ddfdf913b",
                "sha256:14d9cceb91537818361ad9532ef9b775eecae734f38e3305b085fa313c59867c",
                "sha256:1917163751b9945f66539eb7f1750eb8930f6b657a7d63e26b5ab15db181237e",
                "sha256:1aba504bdefe2004f5896bd0fbaaa4a4cd0df63e87ca16d0237b0c74db5130bb",
                "sha256:1f9c7d5346038e113f9b53186a0e3b808b19c634ac78019c7048beffec283454",
                "sha256:2195cf373fe804e3d8ec7f82925212998eee0552853af38abdc74d3b49363aa3",
                "sha256:21fbcdb008dd3383f5c1746a943ad00531cd62b951038267701631090b8960f0",
                "sha256:26a0f38d02f3ab55345d5588df4b1c62f5221191d3b8411ac4d6bab31154a5ab",
                "sha256:2766ca3402162088b060de1a9dd4310c0d3c8d0c58454a447e7303cf3006d51d",
                "sha256:290f3aaca42cb16faf6aa02265782ce70f38cb089adea4d98a74c138f84a66b3",
                "sha256:2924c6936062a182d3eacbfb0d62f8491dc00459ce9190acc56650e2673e061f",
                "sha256:2a2999ced908b9ba70e69e30e228e94579e0323b637f0583578dd09fd2ae2a68",
                "sha256:2b88e0cfd32fce20426240e2b8308a158e890c32c63d37cfb71c4f552e0b7f52",
                "sha256:3112f66d3d48d9ac87ad05e5e191ca2f5856a7bb44a8a7e8acf9d018352ba293",
                "sha256:32c086ced0b035cd1e474e904237e21fc462034156b42c3c4d665ca26c27915a",
                "sha256:35ed3f2be8db5c45de4988725b5b1ff7f1d864893e2c5b3e541a68ea96098f6a",
                "sha256:3a490b049e51f5d28769bbc7112fd91b79d01c5f4f38918243e2a13e28932cfc",
                "sha256:3aabd28c90c9170e24f3310312cce5cfb0bc0046aea4ce2c86f2047986a81889",
                "sha256:3b0672bc079620118272c3b28ddb67f12ae14fff1106800f7a10cbb52537c71c",
                "sha256:404acb5c64c5d421515bef7ce65db025d1762f50018789ae2835d73ae3c4d717",
                "sha256:428f44cd76216f3d9cb07158b318e24345cb8c006edfc991fc00038dd43bf35d",
                "sha256:59919b1e83a41fb8d2ef537a27541837e07917c88e1a0a21e983c68aa1bba735",
                "sha256:602d090409ed464d82d1071f697e0f2e2ffdbcd7928c8e4ce22b5926c6be8c35",
                "sha256:664e652f0f0c452637febcf1d0b62b6cdee2faa64bfe0e63c613a45a74b3ee71",
                "sha256:68ba64f886e3020fe84630b643bd7e2600cd99349b8d0a039c541b85b77b43c8",
                "sha256:71fedd8d2db034d923d817d1f8668528056fe7af2b28468827f218694334a488",
                "sha256:7657806beccda1e179b5712e41cc94d16fb11b30c849bb39d3a86299f6d9fd37",
                "sha256:80f3d9ca4dc7119508c7c88fd62ec914ce3fcaf9569107b563a7c023e47e9ddb",
                "sha256:83a2705d1840dbd96ecec460d4c9dbd565a09fa85da0ac0c528afd5bb82f0bc4",
                "sha256:84a093a844aaec434bb6ed7c311e4f64552ae113ac1b91a8eeb24345e40e8b68",
                "sha256:89df2f40b48e7b5c6f2c288f8416a32cf5d227e9ffa38b1e5bf02677a2f551ef",
                "sha256:89f218211834cc2e573ef67e1aecc48f6ab1a250402a40cc9fd5fc2f32f6e50d",
                "sha256:8a56233330eed83a56e53d6620c3a3fbde5b91f0e7db83df56066a4bd466754a",
                "sha256:8f7a4d61cfc3c6c0e903a786392a1f6d90004b6483259c9f91152d95f07e7874",
                "sha256:90f73fb9ce789b7ad30a46325b71b175f92b10e8108ec278431417bba5fac696",
                "sha256:93cef108961481fe4875055ff821cb7c401b82656ca90c0ca17929390e8847be",
                "sha256:9ae65fbf29208e4f93a6e02b57f64a157fae6e29a03d92ef9600cebafa84a474",
                "sha256:a2951b802b0910d0013c5fb6ea9ce352932eae400091cc06e0d6381d51001511",
                "sha256:a6e7582eedd137fb7c9dc48b7716cfb23f47d9a728525c43214bf789013dda53",
                "sha256:a8b4dae03fa8ec6e7eec9e0b52d57396188dc7d34409410e59894ca883eef413",
                "sha256:aa9b31fb1e7ad79878362aabb60e684daab6fd1ce26794caa2dd6e3f776cbfce",
                "sha256:abcc8e02212b1aa8b0c4dda9d30e88ebcd0823b782637dc5983fc1092addb33b",
                "sha256:afc319edabcbc570131fee084f0f93c76e062a5f0dbde7263a7eb338b0a9df5a",
                "sha256:b1518594e044528221a8f9511b71ec3190835da7e7e35336a052e1c2c21fa536",
                "sha256:b2b55690bd9ed6cec5a8eea7d4086828db7fe00c58c2b0f9327526c1193ad559",
                "sha256:b3aa3ce912ae2fbe655450f6b844123810166271e57a55a80bafd8c59df019ad",
                "sha256:bc39273120ed2cc396da729ccce2b87340f0c4b016d52f661c53c56cd22a6bc8",
                "sha256:bf79536791a3b437cb4ec4c27b66e42970efe36b742a7b7991affdc745adf543",
                "sha256:bff7505c84efc592c4eeceef470f634bd31ffa4a12e3400e9d42a715609de338",
                "sha256:bfffabf03933ab88bb38eb22401375b24c3115a49385601b7b9e993f6a79d337",
                "sha256:c0b7c855fa292fef8913da4a2eb42e1bf17bf1ad63b95c2cf8da6968116f80d3",
                "sha256:cbb6bd38ac43907490c99152965e2adb6801bb1313624c3e17dadd3613326b93",
                "sha256:cfcbd47395c7886c718e8c009c7cbe7c836576ad332da2e31eba02adbdf805d9",
                "sha256:d074d4ef442349f352b4d2d04a379eba30a875e4e211629643fdd30aa162a99b",
                "sha256:d127f3a6b1a552130efd87a61afc4ccc671bcf44b08d3bf08a599ef2d73d346e",
                "sha256:dc4104aa62d9534087e2ed4bfdcb3028e8d3291a58e9405caf2e3c5b12ee63b0",
                "sha256:dcf0bda0af278f8d9490b45a9edbdad5fca1e1dd278582d7c3ae73b9e621c78c",
                "sha256:dde2aed08c88b7d237efee0ef26d045bb51793439c1b8cdc36fcb20607aeb045",
                "sha256:e8b4bf8b914893fa2391c163022ba5acb87b21fbaafbf125c1fbb114661017bc",
                "sha256:e9f05b73c1f430c0c27e6abec96e675fd6343bc60620ba74471009ac244a2c82",
                "sha256:ebeaeeac2314ce372c3b231d918a0c323b96b7d5d177b041c1d6a0381ecb96bc",
                "sha256:f1e342931e6e8ce9c182f5d857411e4008ab9c48a36b30464acab8a6c5f7e824",
                "sha256:f2bf624aecb4382fcb8f7caaaea565da3f82ef3ebbc28a6844e5c918b085aede",
                "sha256:f67334a8e73147bda072fdb63799f1a52ce184e7b5436a3da63d82572a75905a",
                "sha256:f960b7889f59ca764e49e6b40673623f1f52be45483992bed0f88a4bfc6bf49b",
                "sha256:f9b9b90974fa8f2cfe99c47bdd3951d23c6c8b42f63d8bf0b697377848596108",
                "sha256:fb25cad4dbcd32c0deda35f46b03f4170fc72a745739b7c054ff9461abf9eecd",
                "sha256:fd881a07bf32368674aaa59c3356641f076d734f634f6f69b22b1c3750e62f47",
                "sha256:fe24e887651d605960f582a57cec70ab71f4a4eef17313f06cf2c876b3f88bea",
                "sha256:fece2925efe7cd4a72d041f22607091f7be2f5daf536f3ee6459245c97330709"
            ],
            "markers": "python_version >= '3.7'",
            "version": "==0.36.1"
        },
        "ndspy": {
            "hashes": [
                "sha256:1576ca7ec5542075511185133c20c9b722b118f4aaf52929f0408d6081eee013",
                "sha256:46bdb1491ea27f6b14b15a51930a607b17e4502ad42ad12674ea4c5d04d66ea7"
            ],
            "version": "==4.1.0"
        },
        "packaging": {
            "hashes": [
                "sha256:026ed72c8ed3fcce5bf8950572258698927fd1dbda10a5e981cdf0ac37f4f002",
                "sha256:5b8f2217dbdbd2f7f384c41c628544e6d52f2d0f53c6d0c3ea61aa5d1d7ff124"
            ],
            "markers": "python_version >= '3.8'",
            "version": "==24.1"
        },
        "pillow": {
            "hashes": [
                "sha256:02a2be69f9c9b8c1e97cf2713e789d4e398c751ecfd9967c18d0ce304efbf885",
                "sha256:030abdbe43ee02e0de642aee345efa443740aa4d828bfe8e2eb11922ea6a21ea",
                "sha256:06b2f7898047ae93fad74467ec3d28fe84f7831370e3c258afa533f81ef7f3df",
                "sha256:0755ffd4a0c6f267cccbae2e9903d95477ca2f77c4fcf3a3a09570001856c8a5",
                "sha256:0a9ec697746f268507404647e531e92889890a087e03681a3606d9b920fbee3c",
                "sha256:0ae24a547e8b711ccaaf99c9ae3cd975470e1a30caa80a6aaee9a2f19c05701d",
                "sha256:134ace6dc392116566980ee7436477d844520a26a4b1bd4053f6f47d096997fd",
                "sha256:166c1cd4d24309b30d61f79f4a9114b7b2313d7450912277855ff5dfd7cd4a06",
                "sha256:1b5dea9831a90e9d0721ec417a80d4cbd7022093ac38a568db2dd78363b00908",
                "sha256:1d846aea995ad352d4bdcc847535bd56e0fd88d36829d2c90be880ef1ee4668a",
                "sha256:1ef61f5dd14c300786318482456481463b9d6b91ebe5ef12f405afbba77ed0be",
                "sha256:297e388da6e248c98bc4a02e018966af0c5f92dfacf5a5ca22fa01cb3179bca0",
                "sha256:298478fe4f77a4408895605f3482b6cc6222c018b2ce565c2b6b9c354ac3229b",
                "sha256:29dbdc4207642ea6aad70fbde1a9338753d33fb23ed6956e706936706f52dd80",
                "sha256:2db98790afc70118bd0255c2eeb465e9767ecf1f3c25f9a1abb8ffc8cfd1fe0a",
                "sha256:32cda9e3d601a52baccb2856b8ea1fc213c90b340c542dcef77140dfa3278a9e",
                "sha256:37fb69d905be665f68f28a8bba3c6d3223c8efe1edf14cc4cfa06c241f8c81d9",
                "sha256:416d3a5d0e8cfe4f27f574362435bc9bae57f679a7158e0096ad2beb427b8696",
                "sha256:43efea75eb06b95d1631cb784aa40156177bf9dd5b4b03ff38979e048258bc6b",
                "sha256:4b35b21b819ac1dbd1233317adeecd63495f6babf21b7b2512d244ff6c6ce309",
                "sha256:4d9667937cfa347525b319ae34375c37b9ee6b525440f3ef48542fcf66f2731e",
                "sha256:5161eef006d335e46895297f642341111945e2c1c899eb406882a6c61a4357ab",
                "sha256:543f3dc61c18dafb755773efc89aae60d06b6596a63914107f75459cf984164d",
                "sha256:551d3fd6e9dc15e4c1eb6fc4ba2b39c0c7933fa113b220057a34f4bb3268a060",
                "sha256:59291fb29317122398786c2d44427bbd1a6d7ff54017075b22be9d21aa59bd8d",
                "sha256:5b001114dd152cfd6b23befeb28d7aee43553e2402c9f159807bf55f33af8a8d",
                "sha256:5b4815f2e65b30f5fbae9dfffa8636d992d49705723fe86a3661806e069352d4",
                "sha256:5dc6761a6efc781e6a1544206f22c80c3af4c8cf461206d46a1e6006e4429ff3",
                "sha256:5e84b6cc6a4a3d76c153a6b19270b3526a5a8ed6b09501d3af891daa2a9de7d6",
                "sha256:6209bb41dc692ddfee4942517c19ee81b86c864b626dbfca272ec0f7cff5d9fb",
                "sha256:673655af3eadf4df6b5457033f086e90299fdd7a47983a13827acf7459c15d94",
                "sha256:6c762a5b0997f5659a5ef2266abc1d8851ad7749ad9a6a5506eb23d314e4f46b",
                "sha256:7086cc1d5eebb91ad24ded9f58bec6c688e9f0ed7eb3dbbf1e4800280a896496",
                "sha256:73664fe514b34c8f02452ffb73b7a92c6774e39a647087f83d67f010eb9a0cf0",
                "sha256:76a911dfe51a36041f2e756b00f96ed84677cdeb75d25c767f296c1c1eda1319",
                "sha256:780c072c2e11c9b2c7ca37f9a2ee8ba66f44367ac3e5c7832afcfe5104fd6d1b",
                "sha256:7928ecbf1ece13956b95d9cbcfc77137652b02763ba384d9ab508099a2eca856",
                "sha256:7970285ab628a3779aecc35823296a7869f889b8329c16ad5a71e4901a3dc4ef",
                "sha256:7a8d4bade9952ea9a77d0c3e49cbd8b2890a399422258a77f357b9cc9be8d680",
                "sha256:7c1ee6f42250df403c5f103cbd2768a28fe1a0ea1f0f03fe151c8741e1469c8b",
                "sha256:7dfecdbad5c301d7b5bde160150b4db4c659cee2b69589705b6f8a0c509d9f42",
                "sha256:812f7342b0eee081eaec84d91423d1b4650bb9828eb53d8511bcef8ce5aecf1e",
                "sha256:866b6942a92f56300012f5fbac71f2d610312ee65e22f1aa2609e491284e5597",
                "sha256:86dcb5a1eb778d8b25659d5e4341269e8590ad6b4e8b44d9f4b07f8d136c414a",
                "sha256:87dd88ded2e6d74d31e1e0a99a726a6765cda32d00ba72dc37f0651f306daaa8",
                "sha256:8bc1a764ed8c957a2e9cacf97c8b2b053b70307cf2996aafd70e91a082e70df3",
                "sha256:8d4d5063501b6dd4024b8ac2f04962d661222d120381272deea52e3fc52d3736",
                "sha256:8f0aef4ef59694b12cadee839e2ba6afeab89c0f39a3adc02ed51d109117b8da",
                "sha256:930044bb7679ab003b14023138b50181899da3f25de50e9dbee23b61b4de2126",
                "sha256:950be4d8ba92aca4b2bb0741285a46bfae3ca699ef913ec8416c1b78eadd64cd",
                "sha256:961a7293b2457b405967af9c77dcaa43cc1a8cd50d23c532e62d48ab6cdd56f5",
                "sha256:9b885f89040bb8c4a1573566bbb2f44f5c505ef6e74cec7ab9068c900047f04b",
                "sha256:9f4727572e2918acaa9077c919cbbeb73bd2b3ebcfe033b72f858fc9fbef0026",
                "sha256:a02364621fe369e06200d4a16558e056fe2805d3468350df3aef21e00d26214b",
                "sha256:a985e028fc183bf12a77a8bbf36318db4238a3ded7fa9df1b9a133f1cb79f8fc",
                "sha256:ac1452d2fbe4978c2eec89fb5a23b8387aba707ac72810d9490118817d9c0b46",
                "sha256:b15e02e9bb4c21e39876698abf233c8c579127986f8207200bc8a8f6bb27acf2",
                "sha256:b2724fdb354a868ddf9a880cb84d102da914e99119211ef7ecbdc613b8c96b3c",
                "sha256:bbc527b519bd3aa9d7f429d152fea69f9ad37c95f0b02aebddff592688998abe",
                "sha256:bcd5e41a859bf2e84fdc42f4edb7d9aba0a13d29a2abadccafad99de3feff984",
                "sha256:bd2880a07482090a3bcb01f4265f1936a903d70bc740bfcb1fd4e8a2ffe5cf5a",
                "sha256:bee197b30783295d2eb680b311af15a20a8b24024a19c3a26431ff83eb8d1f70",
                "sha256:bf2342ac639c4cf38799a44950bbc2dfcb685f052b9e262f446482afaf4bffca",
                "sha256:c76e5786951e72ed3686e122d14c5d7012f16c8303a674d18cdcd6d89557fc5b",
                "sha256:cbed61494057c0f83b83eb3a310f0bf774b09513307c434d4366ed64f4128a91",
                "sha256:cfdd747216947628af7b259d274771d84db2268ca062dd5faf373639d00113a3",
                "sha256:d7480af14364494365e89d6fddc510a13e5a2c3584cb19ef65415ca57252fb84",
                "sha256:dbc6ae66518ab3c5847659e9988c3b60dc94ffb48ef9168656e0019a93dbf8a1",
                "sha256:dc3e2db6ba09ffd7d02ae9141cfa0ae23393ee7687248d46a7507b75d610f4f5",
                "sha256:dfe91cb65544a1321e631e696759491ae04a2ea11d36715eca01ce07284738be",
                "sha256:e4d49b85c4348ea0b31ea63bc75a9f3857869174e2bf17e7aba02945cd218e6f",
                "sha256:e4db64794ccdf6cb83a59d73405f63adbe2a1887012e308828596100a0b2f6cc",
                "sha256:e553cad5179a66ba15bb18b353a19020e73a7921296a7979c4a2b7f6a5cd57f9",
                "sha256:e88d5e6ad0d026fba7bdab8c3f225a69f063f116462c49892b0149e21b6c0a0e",
                "sha256:ecd85a8d3e79cd7158dec1c9e5808e821feea088e2f69a974db5edf84dc53141",
                "sha256:f5b92f4d70791b4a67157321c4e8225d60b119c5cc9aee8ecf153aace4aad4ef",
                "sha256:f5f0c3e969c8f12dd2bb7e0b15d5c468b51e5017e01e2e867335c81903046a22",
                "sha256:f7baece4ce06bade126fb84b8af1c33439a76d8a6fd818970215e0560ca28c27",
                "sha256:ff25afb18123cea58a591ea0244b92eb1e61a1fd497bf6d6384f09bc3262ec3e",
                "sha256:ff337c552345e95702c5fde3158acb0625111017d0e5f24bf3acdb9cc16b90d1"
            ],
            "version": "==10.4.0"
        },
        "pyarmips": {
            "hashes": [
                "sha256:09ea6b53e3b6596203344ad169a9e2c9732a8b190864d71d26812190bb0637a5",
                "sha256:0c44dda8893bf6944addfd32c466b5a947314ab968d0538525f4e1d8c61e9c60",
                "sha256:0dacecf8822cd099bc106beefcc6dadb93ad55a78429e560166920b87aa46e1d",
                "sha256:110783baceb906169e99489f3d07203b83e717be4cb59d1f7756a5b0c2e68d66",
                "sha256:153e91edcd949e600e605ffeca05c720afe0bb586b648f51b3234bb96ab8cc70",
                "sha256:1549402b204a914b617ed8fa48720553306d10f7c7e587f3421aabd59d196444",
                "sha256:156116cd66e96b089c8430d62d5a358f9c75fadd9e6df0a4efc93d9342cfbbf5",
                "sha256:1aed1f3fc4b4f185eee924a6901b4f33dc5dc5b6869a3c4ade362c4d73a64923",
                "sha256:2144cde8fec5b7c43fec2d56f2eeec51ecd6983a27e70075c72d0245320eb2f3",
                "sha256:21ca8cc2e0a870340506f1404c672078df64c80e59e6fed091aa2dce0d693393",
                "sha256:245cd74991e0efb12e6901001362b1a1039523f43c8e4858cfffd1e77d2866a0",
                "sha256:28470ccfcf54fab7417c2218f381feb46189219ad3cad3769d73ef28a06f68ac",
                "sha256:2d4660801ccb1dbb3382f8d80a3c42766d5bb6f6344a3f77b34d26e17dff6444",
                "sha256:3424aaeb23a857c1a09c081990fc4c9a0f51f4954e1f272998bfce36da72f687",
                "sha256:37218134aa2562e7b5925583b2383d14543af7dcca99b8f88a13f5d312c30015",
                "sha256:3777f246d117728cf2050f2888bbd86593eb3598ac4e5277f9f2c61852c3f5ee",
                "sha256:3c332e346889b3b37152bd1d9ba1ab59f30b572cd93db6f20469cca0ab6ba652",
                "sha256:3ef6057c02db0b3f07437a5ef20d51c37b92e2a9a6decb1879c2b4845af8d9a2",
                "sha256:479781e8aa1b67adb72a7412a8c56f67bc82003e4e852c46c9afc0512caedc19",
                "sha256:4c7b9f7968b01adbc8563c31474dc9c0aadcde3e52a045a7a4f4727360e7d1a4",
                "sha256:4c97fa21349513f2a253d4b233561286dd8179def449ac9f3e44d3de8b670c04",
                "sha256:4e0bd7769264cd28947cb5d45356d080ea592f0ed6ce394ad90ce816ad63d2f3",
                "sha256:550094f77cbb980a950b486184d602736409f2f41679f058dd6486abc759426d",
                "sha256:566d126695cb6839dde74d731ffd7f49ff82ab8c3d7641d0b8b52c3e952d8798",
                "sha256:5743937b2b0eabe285a8a33c3f00d228071eb437dcee6c5f4943e62d58d17b15",
                "sha256:59715661a70a1fe67dd2644c7a6d79cb45898b2e52e30622a1a71bb97459e8e4",
                "sha256:59a29e3e902957507e13cadcc78cde8c24e0082215dae338349e1c41c0f669bf",
                "sha256:5e2853a01389ba4fccc80fdf1c7a385b29408006859cdd0484465f6cc25b6c3e",
                "sha256:65021f163a2175565508405ef1ca38d63dd2ed2fffbdcf60816bb5cbc9557c6d",
                "sha256:6691a007480a25befc75ede1c39ff1b3753b79aa2b691cd156752b9943066f40",
                "sha256:673070aa7a4b1c88823be526f5b72275c1b7c42b40a10680b1e9dd1d50905bb3",
                "sha256:6f8913b9d7ee1a038ec14ecbcc1c35827d016f82da25d28b60104030623de8c7",
                "sha256:77e86532e43c9f1138d5cfa0894e770cb5c602b392932c2e3cc78e3a86cea44c",
                "sha256:7a1797883cd43aee452abf8ae07a8f1bb40be83005dc1144138b53737e3c430d",
                "sha256:7ec2566d8f3d51217d12fa7688e8aa903fa3993c2d2f8dd292836d9b8ce12f79",
                "sha256:8139c741b14d411c1de2989f4ca0ffdae9eb26848627799dd02cb3b523e47817",
                "sha256:81d87024ee7ea349dfc37faf5286917738a7e1df114f4d1254f1789a52a0403a",
                "sha256:8a385a22d1e43780afa237e8a02a1f336ccf1469c99a2a421b78882cd4e02215",
                "sha256:8a9dc16f4adcee466d26e839e98f64c1141bfdee2b0bc6172a252fa9f3f9b147",
                "sha256:8c0e2e42e8166da42ec706893b304ea537800c8f370733f4f836474f77a79fbf",
                "sha256:8c56f59cd63703b922aa5c8e21a5b69ed296ac289e623f6c4471257462712909",
                "sha256:969db6fc6d9cd0dd032465ba3ec52d5302714cf11e983706b626b71fc341330b",
                "sha256:9cadc29541aaf06a73a918c6696a97c9af01d7edafe88e7638348c2aca902bbc",
                "sha256:a0f1c6a00832b1578daed36e475b749c5080b855950ab5220996e24cb2933244",
                "sha256:a4611b84b43b983ee1fd3657b339545f2c5c7831ed28c8d8d1058f17946306d3",
                "sha256:a4b1d84b6861792472f16e1ef0bbdfc412c6f59724dec18f58e73e4eeb3ddc17",
                "sha256:a88421005f1461d4e9174e7d9e8294f1f79173f3bc3808f2b8985a065e724ae3",
                "sha256:a8a21cb2fa97d84a70f2638ba45de3cacb1184a76d4861f9772dc6b3f7b8f334",
                "sha256:aa3697f9e207a0117f0639bbb17a4858d38e9e55e369754f9b6e24e32a532ab5",
                "sha256:acbdb495cb1f63c25ea51442f150a1b344082dc044619e6a3cfdcaf3747d0df1",
                "sha256:b04975b467624b09e28cdb2464374fb39c40a67808236635de3df6b9db19f3be",
                "sha256:b0e5b54e8d936517a9eea617bf314dcdcf7a85fd21aa6792bb6708c6a08d5106",
                "sha256:b26bcbd21b5b45e2c01f11bb6b0dba2aaf42f6e98c4dd0ba65ba65fb732b1d35",
                "sha256:b26fa333a26b24fa7b109d0aaa490a184bbd6b0051d98c323f725072fada941f",
                "sha256:b92315b9579066028f96a2a4302d11f6e891119bb2d0f24f60290c9e701e714a",
                "sha256:be9c989fab7913d05af997d30de937c11a6f824d9fcf7818cdc9da2c2c6fa153",
                "sha256:c5f79417669698c7a0fe4411824172ebcbf228f7180afe2b1691fcfae1987599",
                "sha256:cb1d5d7a34659e22f8d037a10da7367d346fea6d7e9ae21a510056f55c610283",
                "sha256:ce7780e165c48934d326a0578f3ee85dd3622f0fcb94c4794c2e51e290ead98e",
                "sha256:d57dd33d880af6fd4fdd839f478db242eba56124ce0532c90d736136c88fa87e",
                "sha256:d6910204064afc63c0df31d7c32a0a3c5af1e1bcd6cd4a40b23c9aaf0a70a0e9",
                "sha256:d7a70bdb7b6ba7997e22f815b0e460646500692bd358d5b0c2641ddbf5d702f1",
                "sha256:e086da7c7dd9cbd1c47ef44616a98f73a61226e8965a8252b8fae0f282088af8",
                "sha256:e0dff93b0c12070b0ed490d65a9040b4f9a7db87eff0953ac8a631bcdf1d1f91",
                "sha256:e51cd3971ae1100607b6e94e581c409e8f9c9069d748b34ca5eaf32741ebbc67",
                "sha256:e9200514ddb0690064d3fdaf25dbf8491b7b8edba93b697cab1af8dbce74031b",
                "sha256:ebeb369d125a64359d61f46f1454836bd09d7b02434d3045647a4b3f5856acf0",
                "sha256:f258a5dae84b0e7bded99f8a198d9498c4cdfea51684cdcb316a9296abedb1b4",
                "sha256:f2ff53b49eaf6f59047a624f08d62f8990f39272e3604188c30927dbd7956b25",
                "sha256:fafe60554aa9d5fa8cdca24d97b284ff852a80c7a385c41d685aa4f795d440d7",
                "sha256:fe538c0267b1be869ecea3059883385d9dae0a43cf07dadb7217e2c063bc52f4"
            ],
            "version": "==0.11.2"
        },
        "pyxdelta": {
            "hashes": [
                "sha256:0091647f88fa18c631659649c9e5a2361e6d3cf17ac29a49dd6699f8858cc2ef",
                "sha256:013a11cb42575d50a34e24847a0d5ca90eff3eb5f7a7c8559c9fb403822b008c",
                "sha256:054a59a9e8069a767cd25bc5f8fde604f3967d76f2e57529ee55c34088ffb872",
                "sha256:09f813a1569ae5346a7d847973b1d637ba3debaf406d5083b462c8f1590b2274",
                "sha256:0b61873416b4992bf5e3f94d9261010561f2d45aee647c94a1d2caa4dc0a0b2f",
                "sha256:0c663ab1a9f5fcc846ae5d68bc0d911090cd49e7eb5eea02686b51d5a3bfd350",
                "sha256:0cada909e7533f8dfaa085bf82e63d73850c0e45b98d787b78563efff38cf300",
                "sha256:1051deb6eb4ab1d1ffa6ef0eb99b10847eefe3507b459d10baac4e6d5984ffbe",
                "sha256:149d0b33804846b6adbf5c63192cf911832ea35d9b4dc5663906c0926fd6bbc2",
                "sha256:1656657e7e488a5253ec2a0aba2ece1d8217e6c2a5fa0d4b5df0c809ff066098",
                "sha256:1dcaa4c29af8d9b71cf98eb1c09dcc4f24605442cbe005856a5faa03fb2eeeb5",
                "sha256:250bf0817096b2e5061954d359940754b4d76399a1501c4453b82aec6dff3d5e",
                "sha256:26c8be7197055c17a165ef3a91821f9dbda748b557cb991dcfa89702718a0f61",
                "sha256:28b24ac845a725507d46460388154915efb81834d90c34e07118514836add978",
                "sha256:2adfedf3c08f0058f1382b4d14ae5f566c420bb96f8685eed1c03927b20541fd",
                "sha256:2bec3916b52743eef8af743a399f73bd826ecdb9088b23a11e8923a51a89a3e0",
                "sha256:2c909f8a58b8c7a068294e85828b7c9087c4808a01429f2a15248e9548e92488",
                "sha256:312d71ce233dd4e0ea52e9b9b1d16263551e8371a075371f39ce91a754072cd9",
                "sha256:366c214ff3cd180f5b9c2540549c63789b0a88408e6be35d2d2174b96687d3a8",
                "sha256:3925a0977eecbda37b541fa2bf4e04d70bc209e55abd14d860a5d1250def7824",
                "sha256:3bb35126636ba59a0d2d874ff3e6cdc929fcc903f8789120edd6ecfb6f543033",
                "sha256:4202d0d462421ef054fee19bd5836122552ccf4586706bd55e8fb337c1b515ae",
                "sha256:472f015d1e9c2221fd3effc8e38d3ac19b130ae6bc26d3a156b5068bb4445ed2",
                "sha256:48e0dd7e2e081a6fe9f894edeca2532e653c3dba48c1782012f86aa2272e9937",
                "sha256:509e2277a0b048357dbce62f611c8f0c38549e26bf613b8fde220b690cab7278",
                "sha256:56153245d29be30f2a8da4c3c8be8e796998ec2d3ebeb551d0daf596b3ba3684",
                "sha256:5a7351f22ff04349f7f02599fe95eaad9912d76ee775ee23dc976b59fbd93325",
                "sha256:655df5976acc34d7c86b2ff197b0e565ce9d614a92d9150035c6e5bae9da2b4b",
                "sha256:6ae4aaa4dd2e40bdda1a11f437460bd2bceb1903d774345a14962ef957da0779",
                "sha256:6b9ea2efdb688e39ae6e5853014edf01115e35b943ce9f395dff49bae57b3736",
                "sha256:7006c33ebdc1aaf2fd191ce93ed9174808bcf1201deed7386f7490e4814954b9",
                "sha256:7244d84cf57baa0400b3b29c86d3f780ce8d1c34bc42e19edf54b452a09f58f3",
                "sha256:73f0365d13c0438acd4cd575732508cdc69b1b3b134cc8fd8b981c0197ef9188",
                "sha256:77cdb7210174762742c1895f88dc1c192e216e1ce2c1cb29e87f5230b2ee8cb3",
                "sha256:7c14ed5300e15e3ae915d0fbc05e07ee984d1014edccf5d0098908f7364ace8f",
                "sha256:7e6c2190c24aa05d569bde143999f99b9aecb4946d3c8ed0c9577d0a93edbb99",
                "sha256:7fdebcda68b524f4bb55f7586d73fc7ed909e96c444ebbe5a6f595e27196db6a",
                "sha256:8a89d8a2302008a2fd2a6375ddf0a5c3bb2d02a14bea6516a5427ea4e0594a43",
                "sha256:8aa77a978c43ee909da6cfed0f5c3042ee1da0075b1cb11c3b681465a14925c2",
                "sha256:911b0e885250d0288b63d17601bcc183622595cc9b96de6cd0a9724e57ef7904",
                "sha256:92a5d43f9563015e96d4178e83fe5e0f55fe6ced456240d297442c2b69889aca",
                "sha256:93bcbc7b6e552fcc3a14d4c7a011046d8282f43ae298fcef18e105cda70720ea",
                "sha256:98f8e0431826d8ce93e671cf828e700ec285b29d0a1e074996fb254976af33a4",
                "sha256:9a7251e04c18912f817ea7aa99c5606371ef0b1d4c589ff66339f32bc4016934",
                "sha256:9eb575c0fb2f8caeadd4e45c6e22df529205d70e965457154eda3e7ba70107e5",
                "sha256:9f611d2fc097e4dcd663c1d9cdb081ce26e5b9d55025edfa54fb8f4239cfcacb",
                "sha256:a0b51eb931a8e5f6c4dab394bbca2c75001656cf83d2025e121224176eae1fc5",
                "sha256:a18ac84fdff8fe0472e2783c089aed15490927a7d8fb2d1661bef4891bb606fa",
                "sha256:a18cf2dc358a890d93a54f1a56f3a52f157db838283fe79bcf97c37919d76a8c",
                "sha256:a39cefb83c27138ba6ab3e17c5966a4ebd9674673edd87d7b8c42d34363f4130",
                "sha256:a4363690ff47f50be98f5da5ecb918de26d033f4593dd8cdce1382b161828261",
                "sha256:a7985f02af148134552aa8ade53e8b21143b9922ceaaf5d90e3fdce36d633034",
                "sha256:a8f3e5bab2ba21b83f3e9eec062b02d88554009b9a8299050f51fa7dc968e7b1",
                "sha256:aa2d595f50473f75b00d04f4b1bcfa0918d40de9db1b35b5e075694fce4df908",
                "sha256:b0da6cbd0e257a97a8bb09102582aba6d42d949135d851534c6943358829bbfa",
                "sha256:b7c1e470d5448131f7a35f6a37e16179398714147288fe299ee93d3f6a8e6cc8",
                "sha256:c0c5ef798af39f5480a5dff9de5cfe46401bb8927f62406d4dae6b2d52ecca49",
                "sha256:c2955c655d4bb450515835c0b0a877248fd15cf2db20f78da8ad0a7c36f2ad50",
                "sha256:cac60f8be75573176ace222696d2f13e981e335c04df084029d9cf9b94fa27f0",
                "sha256:cd78ba24a92579fd08b17c9599891fb4e91210e63e75a9578e15c41c8c5f664f",
                "sha256:d628525a18899f455e49d68c8261ae7dfdd8c6f8fd9254531c431ae619b16a36",
                "sha256:d6956a6e4af7287b3dd9025dce4a64ff0ea8e568f4310f041bd93762b3831447",
                "sha256:e0e36ec31ecf0380d3a14af8aaa26322f34ef404a2793ce408fa58db6bf87a60",
                "sha256:ee77562d3f06d116a42fb8fe7c5b6f77b933fd4494d19619dcc5bc289131f45e",
                "sha256:ee7de7b18af0d0e69a1622a068d86286b2de4554a37b5c177ab3c31312528ede",
                "sha256:eec42490afab54c70fd17900c8c00b60c9b2d2d26244df16d382419b4de0afcd",
                "sha256:ef71bf5c66c0f2f08d544700b63e354e297d68f176fbc1760217e2a292141423",
                "sha256:ef8654fef5b8851be31bba04f488b72267b82034854876e3c9b6c6501f36a75e",
                "sha256:f0426bd40def9b7d94b6b3384d7d8ca70d88006857df387e910f06cfb7c9944a",
                "sha256:f17b302cef66e6c559badf7517bef8d89be310937c90b5f50686aace4e67a191",
                "sha256:f229c553a301d5ae40ac03d45653760cd51261f1282ef1b9ca2ce69f8433a6ea",
                "sha256:f25cf3442edf95de3bdb3e9e025dc7d17dc4404a9d3eb4b67d8cef3de34f1881",
                "sha256:f5f994aecdc5ef299e2240d72bcbf92844a52303eb07c09c95d05ab832392af8",
                "sha256:fb9c3167299cf26a1609207aef875d8f38d97070f96fe2f84070da70f4da7538"
            ],
            "version": "==0.2.0"
        },
        "tqdm": {
            "hashes": [
                "sha256:90279a3770753eafc9194a0364852159802111925aa30eb3f9d85b0e805ac7cd",
                "sha256:e1020aef2e5096702d8a025ac7d16b1577279c9d63f8375b63083e9a5f0fcbad"
            ],
            "markers": "python_version >= '3.7'",
            "version": "==4.66.5"
        }
    },
    "develop": {}
}
